
Microsoft Visual Studio Solution File, Format Version 12.00
# Visual Studio Version 17
VisualStudioVersion = 17.2.32616.157
MinimumVisualStudioVersion = 10.0.40219.1
Project("{FAE04EC0-301F-11D3-BF4B-00C04F79EFBC}") = "WebUniversity", "WebUniversity\WebUniversity.csproj", "{865E5BC0-1A96-42F6-B355-25D90A38B05A}"
EndProject
Global
	GlobalSection(SolutionConfigurationPlatforms) = preSolution
		Debug|Any CPU = Debug|Any CPU
		Release|Any CPU = Release|Any CPU
	EndGlobalSection
	GlobalSection(ProjectConfigurationPlatforms) = postSolution
		{865E5BC0-1A96-42F6-B355-25D90A38B05A}.Debug|Any CPU.ActiveCfg = Debug|Any CPU
		{865E5BC0-1A96-42F6-B355-25D90A38B05A}.Debug|Any CPU.Build.0 = Debug|Any CPU
		{865E5BC0-1A96-42F6-B355-25D90A38B05A}.Release|Any CPU.ActiveCfg = Release|Any CPU
		{865E5BC0-1A96-42F6-B355-25D90A38B05A}.Release|Any CPU.Build.0 = Release|Any CPU
	EndGlobalSection
	GlobalSection(SolutionProperties) = preSolution
		HideSolutionNode = FALSE
	EndGlobalSection
	GlobalSection(ExtensibilityGlobals) = postSolution
		SolutionGuid = {651A8B5F-6262-49FA-BC7B-087EC01632FB}
	EndGlobalSection
EndGlobal
